// !$*UTF8*$!
{
	archiveVersion = 1;
	classes = {
	};
	objectVersion = 55;
	objects = {

/* Begin PBXBuildFile section */
		D44C52B727B9B9DF009939C3 /* AppDelegate.swift in Sources */ = {isa = PBXBuildFile; fileRef = D44C52B627B9B9DF009939C3 /* AppDelegate.swift */; };
		D44C52B927B9B9DF009939C3 /* SceneDelegate.swift in Sources */ = {isa = PBXBuildFile; fileRef = D44C52B827B9B9DF009939C3 /* SceneDelegate.swift */; };
		D44C52C327B9B9E0009939C3 /* LaunchScreen.storyboard in Resources */ = {isa = PBXBuildFile; fileRef = D44C52C127B9B9E0009939C3 /* LaunchScreen.storyboard */; };
		D44C52D327B9BFBD009939C3 /* Colors.xcassets in Resources */ = {isa = PBXBuildFile; fileRef = D44C52D227B9BFBD009939C3 /* Colors.xcassets */; };
		D44C52D527B9BFCE009939C3 /* Images.xcassets in Resources */ = {isa = PBXBuildFile; fileRef = D44C52D427B9BFCE009939C3 /* Images.xcassets */; };
		D44C52D927B9C049009939C3 /* HomeVC.swift in Sources */ = {isa = PBXBuildFile; fileRef = D44C52D827B9C049009939C3 /* HomeVC.swift */; };
		D44C52DB27B9C191009939C3 /* HomeView.swift in Sources */ = {isa = PBXBuildFile; fileRef = D44C52DA27B9C191009939C3 /* HomeView.swift */; };
		D44C52DD27B9C203009939C3 /* ProgressBarView.swift in Sources */ = {isa = PBXBuildFile; fileRef = D44C52DC27B9C203009939C3 /* ProgressBarView.swift */; };
		D44C52E027B9C6C4009939C3 /* Color.swift in Sources */ = {isa = PBXBuildFile; fileRef = D44C52DF27B9C6C4009939C3 /* Color.swift */; };
		D44C52E227B9CB6F009939C3 /* Assets.xcassets in Resources */ = {isa = PBXBuildFile; fileRef = D44C52E127B9CB6F009939C3 /* Assets.xcassets */; };
		D45FBA5A27BEEE82002EB9C8 /* HomeVM.swift in Sources */ = {isa = PBXBuildFile; fileRef = D45FBA5927BEEE82002EB9C8 /* HomeVM.swift */; };
		D45FBA5D27BEEF7E002EB9C8 /* TaskModel.swift in Sources */ = {isa = PBXBuildFile; fileRef = D45FBA5C27BEEF7E002EB9C8 /* TaskModel.swift */; };
		D46FD88E27C5A43A00D142CD /* MyriadPro-Bold.ttf in Resources */ = {isa = PBXBuildFile; fileRef = D46FD88C27C5A43A00D142CD /* MyriadPro-Bold.ttf */; };
		D46FD88F27C5A43A00D142CD /* MyriadPro-Regular.ttf in Resources */ = {isa = PBXBuildFile; fileRef = D46FD88D27C5A43A00D142CD /* MyriadPro-Regular.ttf */; };
		D47F716A27BC43700012D0B8 /* TaskCell.swift in Sources */ = {isa = PBXBuildFile; fileRef = D47F716927BC43700012D0B8 /* TaskCell.swift */; };
		D47F716D27BC47300012D0B8 /* DataHandler.swift in Sources */ = {isa = PBXBuildFile; fileRef = D47F716C27BC47300012D0B8 /* DataHandler.swift */; };
		D47F716F27BC58B00012D0B8 /* Font.swift in Sources */ = {isa = PBXBuildFile; fileRef = D47F716E27BC58B00012D0B8 /* Font.swift */; };
		D48D339727BFACC1008A0642 /* CheckBox.swift in Sources */ = {isa = PBXBuildFile; fileRef = D48D339627BFACC1008A0642 /* CheckBox.swift */; };
		E087096F6E86437A468450ED /* Pods_MyTasks.framework in Frameworks */ = {isa = PBXBuildFile; fileRef = 06B900DAB5FC22EE46CD2135 /* Pods_MyTasks.framework */; };
		FA7F523827C97D07000B8B39 /* AddTaskView.swift in Sources */ = {isa = PBXBuildFile; fileRef = FA7F523727C97D07000B8B39 /* AddTaskView.swift */; };
		FA7F523B27C986CF000B8B39 /* AddTaskVC.swift in Sources */ = {isa = PBXBuildFile; fileRef = FA7F523A27C986CF000B8B39 /* AddTaskVC.swift */; };
		FAECB4E327CAC3EB00964DDA /* PalettePopUpView.swift in Sources */ = {isa = PBXBuildFile; fileRef = FAECB4E227CAC3EB00964DDA /* PalettePopUpView.swift */; };
		FAF16E1527D95A01005D791F /* ChartView.swift in Sources */ = {isa = PBXBuildFile; fileRef = FAF16E1427D95A01005D791F /* ChartView.swift */; };
		FAF37C6027D5632D00B4D4C8 /* UserDefaultsManager.swift in Sources */ = {isa = PBXBuildFile; fileRef = FAF37C5F27D5632D00B4D4C8 /* UserDefaultsManager.swift */; };
		FAF8F13727D63E540088E450 /* TaskInfoView.swift in Sources */ = {isa = PBXBuildFile; fileRef = FAF8F13627D63E540088E450 /* TaskInfoView.swift */; };
		FAF8F13A27D6437F0088E450 /* TaskInfoVC.swift in Sources */ = {isa = PBXBuildFile; fileRef = FAF8F13927D6437F0088E450 /* TaskInfoVC.swift */; };
/* End PBXBuildFile section */

/* Begin PBXFileReference section */
		06B900DAB5FC22EE46CD2135 /* Pods_MyTasks.framework */ = {isa = PBXFileReference; explicitFileType = wrapper.framework; includeInIndex = 0; path = Pods_MyTasks.framework; sourceTree = BUILT_PRODUCTS_DIR; };
		131DB6455067C0A18B184B63 /* Pods-MyTasks.debug.xcconfig */ = {isa = PBXFileReference; includeInIndex = 1; lastKnownFileType = text.xcconfig; name = "Pods-MyTasks.debug.xcconfig"; path = "Target Support Files/Pods-MyTasks/Pods-MyTasks.debug.xcconfig"; sourceTree = "<group>"; };
		D44C52B327B9B9DF009939C3 /* MyTasks.app */ = {isa = PBXFileReference; explicitFileType = wrapper.application; includeInIndex = 0; path = MyTasks.app; sourceTree = BUILT_PRODUCTS_DIR; };
		D44C52B627B9B9DF009939C3 /* AppDelegate.swift */ = {isa = PBXFileReference; lastKnownFileType = sourcecode.swift; path = AppDelegate.swift; sourceTree = "<group>"; };
		D44C52B827B9B9DF009939C3 /* SceneDelegate.swift */ = {isa = PBXFileReference; lastKnownFileType = sourcecode.swift; path = SceneDelegate.swift; sourceTree = "<group>"; };
		D44C52C227B9B9E0009939C3 /* Base */ = {isa = PBXFileReference; lastKnownFileType = file.storyboard; name = Base; path = Base.lproj/LaunchScreen.storyboard; sourceTree = "<group>"; };
		D44C52C427B9B9E0009939C3 /* Info.plist */ = {isa = PBXFileReference; lastKnownFileType = text.plist.xml; path = Info.plist; sourceTree = "<group>"; };
		D44C52CB27B9BA4F009939C3 /* ru */ = {isa = PBXFileReference; lastKnownFileType = text.plist.strings; name = ru; path = ru.lproj/LaunchScreen.strings; sourceTree = "<group>"; };
		D44C52D227B9BFBD009939C3 /* Colors.xcassets */ = {isa = PBXFileReference; lastKnownFileType = folder.assetcatalog; path = Colors.xcassets; sourceTree = "<group>"; };
		D44C52D427B9BFCE009939C3 /* Images.xcassets */ = {isa = PBXFileReference; lastKnownFileType = folder.assetcatalog; path = Images.xcassets; sourceTree = "<group>"; };
		D44C52D827B9C049009939C3 /* HomeVC.swift */ = {isa = PBXFileReference; lastKnownFileType = sourcecode.swift; path = HomeVC.swift; sourceTree = "<group>"; };
		D44C52DA27B9C191009939C3 /* HomeView.swift */ = {isa = PBXFileReference; lastKnownFileType = sourcecode.swift; path = HomeView.swift; sourceTree = "<group>"; };
		D44C52DC27B9C203009939C3 /* ProgressBarView.swift */ = {isa = PBXFileReference; lastKnownFileType = sourcecode.swift; path = ProgressBarView.swift; sourceTree = "<group>"; };
		D44C52DF27B9C6C4009939C3 /* Color.swift */ = {isa = PBXFileReference; lastKnownFileType = sourcecode.swift; path = Color.swift; sourceTree = "<group>"; };
		D44C52E127B9CB6F009939C3 /* Assets.xcassets */ = {isa = PBXFileReference; lastKnownFileType = folder.assetcatalog; path = Assets.xcassets; sourceTree = "<group>"; };
		D45FBA5927BEEE82002EB9C8 /* HomeVM.swift */ = {isa = PBXFileReference; lastKnownFileType = sourcecode.swift; path = HomeVM.swift; sourceTree = "<group>"; };
		D45FBA5C27BEEF7E002EB9C8 /* TaskModel.swift */ = {isa = PBXFileReference; lastKnownFileType = sourcecode.swift; path = TaskModel.swift; sourceTree = "<group>"; };
		D46FD88C27C5A43A00D142CD /* MyriadPro-Bold.ttf */ = {isa = PBXFileReference; lastKnownFileType = file; path = "MyriadPro-Bold.ttf"; sourceTree = "<group>"; };
		D46FD88D27C5A43A00D142CD /* MyriadPro-Regular.ttf */ = {isa = PBXFileReference; lastKnownFileType = file; path = "MyriadPro-Regular.ttf"; sourceTree = "<group>"; };
		D47F716927BC43700012D0B8 /* TaskCell.swift */ = {isa = PBXFileReference; lastKnownFileType = sourcecode.swift; path = TaskCell.swift; sourceTree = "<group>"; };
		D47F716C27BC47300012D0B8 /* DataHandler.swift */ = {isa = PBXFileReference; lastKnownFileType = sourcecode.swift; path = DataHandler.swift; sourceTree = "<group>"; };
		D47F716E27BC58B00012D0B8 /* Font.swift */ = {isa = PBXFileReference; lastKnownFileType = sourcecode.swift; path = Font.swift; sourceTree = "<group>"; };
		D48D339627BFACC1008A0642 /* CheckBox.swift */ = {isa = PBXFileReference; lastKnownFileType = sourcecode.swift; path = CheckBox.swift; sourceTree = "<group>"; };
		DCB39C8716037B7698A93339 /* Pods-MyTasks.release.xcconfig */ = {isa = PBXFileReference; includeInIndex = 1; lastKnownFileType = text.xcconfig; name = "Pods-MyTasks.release.xcconfig"; path = "Target Support Files/Pods-MyTasks/Pods-MyTasks.release.xcconfig"; sourceTree = "<group>"; };
		FA7F523727C97D07000B8B39 /* AddTaskView.swift */ = {isa = PBXFileReference; lastKnownFileType = sourcecode.swift; path = AddTaskView.swift; sourceTree = "<group>"; };
		FA7F523A27C986CF000B8B39 /* AddTaskVC.swift */ = {isa = PBXFileReference; lastKnownFileType = sourcecode.swift; path = AddTaskVC.swift; sourceTree = "<group>"; };
		FAECB4E227CAC3EB00964DDA /* PalettePopUpView.swift */ = {isa = PBXFileReference; lastKnownFileType = sourcecode.swift; path = PalettePopUpView.swift; sourceTree = "<group>"; };
		FAF16E1427D95A01005D791F /* ChartView.swift */ = {isa = PBXFileReference; lastKnownFileType = sourcecode.swift; path = ChartView.swift; sourceTree = "<group>"; };
		FAF37C5F27D5632D00B4D4C8 /* UserDefaultsManager.swift */ = {isa = PBXFileReference; lastKnownFileType = sourcecode.swift; path = UserDefaultsManager.swift; sourceTree = "<group>"; };
		FAF8F13627D63E540088E450 /* TaskInfoView.swift */ = {isa = PBXFileReference; lastKnownFileType = sourcecode.swift; path = TaskInfoView.swift; sourceTree = "<group>"; };
		FAF8F13927D6437F0088E450 /* TaskInfoVC.swift */ = {isa = PBXFileReference; lastKnownFileType = sourcecode.swift; path = TaskInfoVC.swift; sourceTree = "<group>"; };
/* End PBXFileReference section */

/* Begin PBXFrameworksBuildPhase section */
		D44C52B027B9B9DF009939C3 /* Frameworks */ = {
			isa = PBXFrameworksBuildPhase;
			buildActionMask = 2147483647;
			files = (
				E087096F6E86437A468450ED /* Pods_MyTasks.framework in Frameworks */,
			);
			runOnlyForDeploymentPostprocessing = 0;
		};
/* End PBXFrameworksBuildPhase section */

/* Begin PBXGroup section */
		3361BDDF13565C369C70DC4E /* Pods */ = {
			isa = PBXGroup;
			children = (
				131DB6455067C0A18B184B63 /* Pods-MyTasks.debug.xcconfig */,
				DCB39C8716037B7698A93339 /* Pods-MyTasks.release.xcconfig */,
			);
			path = Pods;
			sourceTree = "<group>";
		};
		BCF9220F55FF083ED50193A8 /* Frameworks */ = {
			isa = PBXGroup;
			children = (
				06B900DAB5FC22EE46CD2135 /* Pods_MyTasks.framework */,
			);
			name = Frameworks;
			sourceTree = "<group>";
		};
		D44C52AA27B9B9DF009939C3 = {
			isa = PBXGroup;
			children = (
				D44C52B527B9B9DF009939C3 /* MyTasks */,
				D44C52B427B9B9DF009939C3 /* Products */,
				3361BDDF13565C369C70DC4E /* Pods */,
				BCF9220F55FF083ED50193A8 /* Frameworks */,
			);
			sourceTree = "<group>";
		};
		D44C52B427B9B9DF009939C3 /* Products */ = {
			isa = PBXGroup;
			children = (
				D44C52B327B9B9DF009939C3 /* MyTasks.app */,
			);
			name = Products;
			sourceTree = "<group>";
		};
		D44C52B527B9B9DF009939C3 /* MyTasks */ = {
			isa = PBXGroup;
			children = (
				D45FBA5B27BEEF58002EB9C8 /* Models */,
				D44C52CC27B9BA73009939C3 /* Presentation */,
				D44C52CD27B9BAAA009939C3 /* Core */,
				D44C52C127B9B9E0009939C3 /* LaunchScreen.storyboard */,
			);
			path = MyTasks;
			sourceTree = "<group>";
		};
		D44C52CC27B9BA73009939C3 /* Presentation */ = {
			isa = PBXGroup;
			children = (
				D47F716B27BC471A0012D0B8 /* Utils */,
				D44C52CF27B9BAFC009939C3 /* Views */,
				D44C52D027B9BB12009939C3 /* ViewControllers */,
				D44C52D127B9BB23009939C3 /* ViewModels */,
				D44C52DE27B9C22F009939C3 /* Resourses */,
			);
			path = Presentation;
			sourceTree = "<group>";
		};
		D44C52CD27B9BAAA009939C3 /* Core */ = {
			isa = PBXGroup;
			children = (
				FAF37C5E27D5624A00B4D4C8 /* Storage */,
				D44C52CE27B9BABD009939C3 /* System */,
			);
			path = Core;
			sourceTree = "<group>";
		};
		D44C52CE27B9BABD009939C3 /* System */ = {
			isa = PBXGroup;
			children = (
				D44C52B627B9B9DF009939C3 /* AppDelegate.swift */,
				D44C52B827B9B9DF009939C3 /* SceneDelegate.swift */,
				D44C52C427B9B9E0009939C3 /* Info.plist */,
				D44C52E127B9CB6F009939C3 /* Assets.xcassets */,
			);
			path = System;
			sourceTree = "<group>";
		};
		D44C52CF27B9BAFC009939C3 /* Views */ = {
			isa = PBXGroup;
			children = (
				FAF8F13527D63E300088E450 /* TaskInfo */,
				FAECB4E127CAC3BA00964DDA /* PopUps */,
				FA7F523627C97CD2000B8B39 /* AddTask */,
				D44C52D627B9C011009939C3 /* Home */,
			);
			path = Views;
			sourceTree = "<group>";
		};
		D44C52D027B9BB12009939C3 /* ViewControllers */ = {
			isa = PBXGroup;
			children = (
				FAF8F13827D643690088E450 /* TaskInfo */,
				FA7F523927C986BE000B8B39 /* AddTask */,
				D44C52D727B9C02A009939C3 /* Home */,
			);
			path = ViewControllers;
			sourceTree = "<group>";
		};
		D44C52D127B9BB23009939C3 /* ViewModels */ = {
			isa = PBXGroup;
			children = (
				D45FBA5927BEEE82002EB9C8 /* HomeVM.swift */,
			);
			path = ViewModels;
			sourceTree = "<group>";
		};
		D44C52D627B9C011009939C3 /* Home */ = {
			isa = PBXGroup;
			children = (
				D44C52DA27B9C191009939C3 /* HomeView.swift */,
				D44C52DC27B9C203009939C3 /* ProgressBarView.swift */,
				D47F716927BC43700012D0B8 /* TaskCell.swift */,
				D48D339627BFACC1008A0642 /* CheckBox.swift */,
			);
			path = Home;
			sourceTree = "<group>";
		};
		D44C52D727B9C02A009939C3 /* Home */ = {
			isa = PBXGroup;
			children = (
				D44C52D827B9C049009939C3 /* HomeVC.swift */,
			);
			path = Home;
			sourceTree = "<group>";
		};
		D44C52DE27B9C22F009939C3 /* Resourses */ = {
			isa = PBXGroup;
			children = (
				D47F717027BC62E60012D0B8 /* Fonts */,
				D44C52D227B9BFBD009939C3 /* Colors.xcassets */,
				D44C52D427B9BFCE009939C3 /* Images.xcassets */,
				D44C52DF27B9C6C4009939C3 /* Color.swift */,
			);
			path = Resourses;
			sourceTree = "<group>";
		};
		D45FBA5B27BEEF58002EB9C8 /* Models */ = {
			isa = PBXGroup;
			children = (
				D45FBA5C27BEEF7E002EB9C8 /* TaskModel.swift */,
			);
			path = Models;
			sourceTree = "<group>";
		};
		D47F716B27BC471A0012D0B8 /* Utils */ = {
			isa = PBXGroup;
			children = (
				D47F716C27BC47300012D0B8 /* DataHandler.swift */,
			);
			path = Utils;
			sourceTree = "<group>";
		};
		D47F717027BC62E60012D0B8 /* Fonts */ = {
			isa = PBXGroup;
			children = (
				D46FD88C27C5A43A00D142CD /* MyriadPro-Bold.ttf */,
				D46FD88D27C5A43A00D142CD /* MyriadPro-Regular.ttf */,
				D47F716E27BC58B00012D0B8 /* Font.swift */,
			);
			path = Fonts;
			sourceTree = "<group>";
		};
		FA7F523627C97CD2000B8B39 /* AddTask */ = {
			isa = PBXGroup;
			children = (
				FA7F523727C97D07000B8B39 /* AddTaskView.swift */,
				FAF16E1427D95A01005D791F /* ChartView.swift */,
			);
			path = AddTask;
			sourceTree = "<group>";
		};
		FA7F523927C986BE000B8B39 /* AddTask */ = {
			isa = PBXGroup;
			children = (
				FA7F523A27C986CF000B8B39 /* AddTaskVC.swift */,
			);
			path = AddTask;
			sourceTree = "<group>";
		};
		FAECB4E127CAC3BA00964DDA /* PopUps */ = {
			isa = PBXGroup;
			children = (
				FAECB4E227CAC3EB00964DDA /* PalettePopUpView.swift */,
			);
			path = PopUps;
			sourceTree = "<group>";
		};
		FAF37C5E27D5624A00B4D4C8 /* Storage */ = {
			isa = PBXGroup;
			children = (
				FAF37C5F27D5632D00B4D4C8 /* UserDefaultsManager.swift */,
			);
			path = Storage;
			sourceTree = "<group>";
		};
		FAF8F13527D63E300088E450 /* TaskInfo */ = {
			isa = PBXGroup;
			children = (
				FAF8F13627D63E540088E450 /* TaskInfoView.swift */,
			);
			path = TaskInfo;
			sourceTree = "<group>";
		};
		FAF8F13827D643690088E450 /* TaskInfo */ = {
			isa = PBXGroup;
			children = (
				FAF8F13927D6437F0088E450 /* TaskInfoVC.swift */,
			);
			path = TaskInfo;
			sourceTree = "<group>";
		};
/* End PBXGroup section */

/* Begin PBXNativeTarget section */
		D44C52B227B9B9DF009939C3 /* MyTasks */ = {
			isa = PBXNativeTarget;
			buildConfigurationList = D44C52C727B9B9E0009939C3 /* Build configuration list for PBXNativeTarget "MyTasks" */;
			buildPhases = (
				73CC058D4367363542FFA242 /* [CP] Check Pods Manifest.lock */,
				D44C52AF27B9B9DF009939C3 /* Sources */,
				D44C52B027B9B9DF009939C3 /* Frameworks */,
				D44C52B127B9B9DF009939C3 /* Resources */,
				46C29E95348EC9711A5833E3 /* [CP] Embed Pods Frameworks */,
			);
			buildRules = (
			);
			dependencies = (
			);
			name = MyTasks;
			productName = MyTasks;
			productReference = D44C52B327B9B9DF009939C3 /* MyTasks.app */;
			productType = "com.apple.product-type.application";
		};
/* End PBXNativeTarget section */

/* Begin PBXProject section */
		D44C52AB27B9B9DF009939C3 /* Project object */ = {
			isa = PBXProject;
			attributes = {
				BuildIndependentTargetsInParallel = 1;
				LastSwiftUpdateCheck = 1320;
				LastUpgradeCheck = 1320;
				TargetAttributes = {
					D44C52B227B9B9DF009939C3 = {
						CreatedOnToolsVersion = 13.2.1;
					};
				};
			};
			buildConfigurationList = D44C52AE27B9B9DF009939C3 /* Build configuration list for PBXProject "MyTasks" */;
			compatibilityVersion = "Xcode 13.0";
			developmentRegion = en;
			hasScannedForEncodings = 0;
			knownRegions = (
				en,
				Base,
				ru,
			);
			mainGroup = D44C52AA27B9B9DF009939C3;
			productRefGroup = D44C52B427B9B9DF009939C3 /* Products */;
			projectDirPath = "";
			projectRoot = "";
			targets = (
				D44C52B227B9B9DF009939C3 /* MyTasks */,
			);
		};
/* End PBXProject section */

/* Begin PBXResourcesBuildPhase section */
		D44C52B127B9B9DF009939C3 /* Resources */ = {
			isa = PBXResourcesBuildPhase;
			buildActionMask = 2147483647;
			files = (
				D44C52C327B9B9E0009939C3 /* LaunchScreen.storyboard in Resources */,
				D44C52D527B9BFCE009939C3 /* Images.xcassets in Resources */,
				D46FD88E27C5A43A00D142CD /* MyriadPro-Bold.ttf in Resources */,
				D46FD88F27C5A43A00D142CD /* MyriadPro-Regular.ttf in Resources */,
				D44C52E227B9CB6F009939C3 /* Assets.xcassets in Resources */,
				D44C52D327B9BFBD009939C3 /* Colors.xcassets in Resources */,
			);
			runOnlyForDeploymentPostprocessing = 0;
		};
/* End PBXResourcesBuildPhase section */

/* Begin PBXShellScriptBuildPhase section */
		46C29E95348EC9711A5833E3 /* [CP] Embed Pods Frameworks */ = {
			isa = PBXShellScriptBuildPhase;
			buildActionMask = 2147483647;
			files = (
			);
			inputFileListPaths = (
				"${PODS_ROOT}/Target Support Files/Pods-MyTasks/Pods-MyTasks-frameworks-${CONFIGURATION}-input-files.xcfilelist",
			);
			name = "[CP] Embed Pods Frameworks";
			outputFileListPaths = (
				"${PODS_ROOT}/Target Support Files/Pods-MyTasks/Pods-MyTasks-frameworks-${CONFIGURATION}-output-files.xcfilelist",
			);
			runOnlyForDeploymentPostprocessing = 0;
			shellPath = /bin/sh;
			shellScript = "\"${PODS_ROOT}/Target Support Files/Pods-MyTasks/Pods-MyTasks-frameworks.sh\"\n";
			showEnvVarsInLog = 0;
		};
		73CC058D4367363542FFA242 /* [CP] Check Pods Manifest.lock */ = {
			isa = PBXShellScriptBuildPhase;
			buildActionMask = 2147483647;
			files = (
			);
			inputFileListPaths = (
			);
			inputPaths = (
				"${PODS_PODFILE_DIR_PATH}/Podfile.lock",
				"${PODS_ROOT}/Manifest.lock",
			);
			name = "[CP] Check Pods Manifest.lock";
			outputFileListPaths = (
			);
			outputPaths = (
				"$(DERIVED_FILE_DIR)/Pods-MyTasks-checkManifestLockResult.txt",
			);
			runOnlyForDeploymentPostprocessing = 0;
			shellPath = /bin/sh;
			shellScript = "diff \"${PODS_PODFILE_DIR_PATH}/Podfile.lock\" \"${PODS_ROOT}/Manifest.lock\" > /dev/null\nif [ $? != 0 ] ; then\n    # print error to STDERR\n    echo \"error: The sandbox is not in sync with the Podfile.lock. Run 'pod install' or update your CocoaPods installation.\" >&2\n    exit 1\nfi\n# This output is used by Xcode 'outputs' to avoid re-running this script phase.\necho \"SUCCESS\" > \"${SCRIPT_OUTPUT_FILE_0}\"\n";
			showEnvVarsInLog = 0;
		};
/* End PBXShellScriptBuildPhase section */

/* Begin PBXSourcesBuildPhase section */
		D44C52AF27B9B9DF009939C3 /* Sources */ = {
			isa = PBXSourcesBuildPhase;
			buildActionMask = 2147483647;
			files = (
				D44C52DD27B9C203009939C3 /* ProgressBarView.swift in Sources */,
				FAF8F13A27D6437F0088E450 /* TaskInfoVC.swift in Sources */,
				D45FBA5A27BEEE82002EB9C8 /* HomeVM.swift in Sources */,
				D47F716A27BC43700012D0B8 /* TaskCell.swift in Sources */,
				D44C52E027B9C6C4009939C3 /* Color.swift in Sources */,
				D45FBA5D27BEEF7E002EB9C8 /* TaskModel.swift in Sources */,
				D44C52D927B9C049009939C3 /* HomeVC.swift in Sources */,
				FAF37C6027D5632D00B4D4C8 /* UserDefaultsManager.swift in Sources */,
				D47F716D27BC47300012D0B8 /* DataHandler.swift in Sources */,
				FAECB4E327CAC3EB00964DDA /* PalettePopUpView.swift in Sources */,
				FAF16E1527D95A01005D791F /* ChartView.swift in Sources */,
				D47F716F27BC58B00012D0B8 /* Font.swift in Sources */,
				FAF8F13727D63E540088E450 /* TaskInfoView.swift in Sources */,
				D48D339727BFACC1008A0642 /* CheckBox.swift in Sources */,
				FA7F523B27C986CF000B8B39 /* AddTaskVC.swift in Sources */,
				D44C52B727B9B9DF009939C3 /* AppDelegate.swift in Sources */,
				D44C52DB27B9C191009939C3 /* HomeView.swift in Sources */,
				D44C52B927B9B9DF009939C3 /* SceneDelegate.swift in Sources */,
				FA7F523827C97D07000B8B39 /* AddTaskView.swift in Sources */,
			);
			runOnlyForDeploymentPostprocessing = 0;
		};
/* End PBXSourcesBuildPhase section */

/* Begin PBXVariantGroup section */
		D44C52C127B9B9E0009939C3 /* LaunchScreen.storyboard */ = {
			isa = PBXVariantGroup;
			children = (
				D44C52C227B9B9E0009939C3 /* Base */,
				D44C52CB27B9BA4F009939C3 /* ru */,
			);
			name = LaunchScreen.storyboard;
			sourceTree = "<group>";
		};
/* End PBXVariantGroup section */

/* Begin XCBuildConfiguration section */
		D44C52C527B9B9E0009939C3 /* Debug */ = {
			isa = XCBuildConfiguration;
			buildSettings = {
				ALWAYS_SEARCH_USER_PATHS = NO;
				CLANG_ANALYZER_LOCALIZABILITY_NONLOCALIZED = YES;
				CLANG_ANALYZER_NONNULL = YES;
				CLANG_ANALYZER_NUMBER_OBJECT_CONVERSION = YES_AGGRESSIVE;
				CLANG_CXX_LANGUAGE_STANDARD = "gnu++17";
				CLANG_CXX_LIBRARY = "libc++";
				CLANG_ENABLE_MODULES = YES;
				CLANG_ENABLE_OBJC_ARC = YES;
				CLANG_ENABLE_OBJC_WEAK = YES;
				CLANG_WARN_BLOCK_CAPTURE_AUTORELEASING = YES;
				CLANG_WARN_BOOL_CONVERSION = YES;
				CLANG_WARN_COMMA = YES;
				CLANG_WARN_CONSTANT_CONVERSION = YES;
				CLANG_WARN_DEPRECATED_OBJC_IMPLEMENTATIONS = YES;
				CLANG_WARN_DIRECT_OBJC_ISA_USAGE = YES_ERROR;
				CLANG_WARN_DOCUMENTATION_COMMENTS = YES;
				CLANG_WARN_EMPTY_BODY = YES;
				CLANG_WARN_ENUM_CONVERSION = YES;
				CLANG_WARN_INFINITE_RECURSION = YES;
				CLANG_WARN_INT_CONVERSION = YES;
				CLANG_WARN_NON_LITERAL_NULL_CONVERSION = YES;
				CLANG_WARN_OBJC_IMPLICIT_RETAIN_SELF = YES;
				CLANG_WARN_OBJC_LITERAL_CONVERSION = YES;
				CLANG_WARN_OBJC_ROOT_CLASS = YES_ERROR;
				CLANG_WARN_QUOTED_INCLUDE_IN_FRAMEWORK_HEADER = YES;
				CLANG_WARN_RANGE_LOOP_ANALYSIS = YES;
				CLANG_WARN_STRICT_PROTOTYPES = YES;
				CLANG_WARN_SUSPICIOUS_MOVE = YES;
				CLANG_WARN_UNGUARDED_AVAILABILITY = YES_AGGRESSIVE;
				CLANG_WARN_UNREACHABLE_CODE = YES;
				CLANG_WARN__DUPLICATE_METHOD_MATCH = YES;
				COPY_PHASE_STRIP = NO;
				DEBUG_INFORMATION_FORMAT = dwarf;
				ENABLE_STRICT_OBJC_MSGSEND = YES;
				ENABLE_TESTABILITY = YES;
				GCC_C_LANGUAGE_STANDARD = gnu11;
				GCC_DYNAMIC_NO_PIC = NO;
				GCC_NO_COMMON_BLOCKS = YES;
				GCC_OPTIMIZATION_LEVEL = 0;
				GCC_PREPROCESSOR_DEFINITIONS = (
					"DEBUG=1",
					"$(inherited)",
				);
				GCC_WARN_64_TO_32_BIT_CONVERSION = YES;
				GCC_WARN_ABOUT_RETURN_TYPE = YES_ERROR;
				GCC_WARN_UNDECLARED_SELECTOR = YES;
				GCC_WARN_UNINITIALIZED_AUTOS = YES_AGGRESSIVE;
				GCC_WARN_UNUSED_FUNCTION = YES;
				GCC_WARN_UNUSED_VARIABLE = YES;
				IPHONEOS_DEPLOYMENT_TARGET = 13.0;
				MTL_ENABLE_DEBUG_INFO = INCLUDE_SOURCE;
				MTL_FAST_MATH = YES;
				ONLY_ACTIVE_ARCH = YES;
				SDKROOT = iphoneos;
				SWIFT_ACTIVE_COMPILATION_CONDITIONS = DEBUG;
				SWIFT_OPTIMIZATION_LEVEL = "-Onone";
			};
			name = Debug;
		};
		D44C52C627B9B9E0009939C3 /* Release */ = {
			isa = XCBuildConfiguration;
			buildSettings = {
				ALWAYS_SEARCH_USER_PATHS = NO;
				CLANG_ANALYZER_LOCALIZABILITY_NONLOCALIZED = YES;
				CLANG_ANALYZER_NONNULL = YES;
				CLANG_ANALYZER_NUMBER_OBJECT_CONVERSION = YES_AGGRESSIVE;
				CLANG_CXX_LANGUAGE_STANDARD = "gnu++17";
				CLANG_CXX_LIBRARY = "libc++";
				CLANG_ENABLE_MODULES = YES;
				CLANG_ENABLE_OBJC_ARC = YES;
				CLANG_ENABLE_OBJC_WEAK = YES;
				CLANG_WARN_BLOCK_CAPTURE_AUTORELEASING = YES;
				CLANG_WARN_BOOL_CONVERSION = YES;
				CLANG_WARN_COMMA = YES;
				CLANG_WARN_CONSTANT_CONVERSION = YES;
				CLANG_WARN_DEPRECATED_OBJC_IMPLEMENTATIONS = YES;
				CLANG_WARN_DIRECT_OBJC_ISA_USAGE = YES_ERROR;
				CLANG_WARN_DOCUMENTATION_COMMENTS = YES;
				CLANG_WARN_EMPTY_BODY = YES;
				CLANG_WARN_ENUM_CONVERSION = YES;
				CLANG_WARN_INFINITE_RECURSION = YES;
				CLANG_WARN_INT_CONVERSION = YES;
				CLANG_WARN_NON_LITERAL_NULL_CONVERSION = YES;
				CLANG_WARN_OBJC_IMPLICIT_RETAIN_SELF = YES;
				CLANG_WARN_OBJC_LITERAL_CONVERSION = YES;
				CLANG_WARN_OBJC_ROOT_CLASS = YES_ERROR;
				CLANG_WARN_QUOTED_INCLUDE_IN_FRAMEWORK_HEADER = YES;
				CLANG_WARN_RANGE_LOOP_ANALYSIS = YES;
				CLANG_WARN_STRICT_PROTOTYPES = YES;
				CLANG_WARN_SUSPICIOUS_MOVE = YES;
				CLANG_WARN_UNGUARDED_AVAILABILITY = YES_AGGRESSIVE;
				CLANG_WARN_UNREACHABLE_CODE = YES;
				CLANG_WARN__DUPLICATE_METHOD_MATCH = YES;
				COPY_PHASE_STRIP = NO;
				DEBUG_INFORMATION_FORMAT = "dwarf-with-dsym";
				ENABLE_NS_ASSERTIONS = NO;
				ENABLE_STRICT_OBJC_MSGSEND = YES;
				GCC_C_LANGUAGE_STANDARD = gnu11;
				GCC_NO_COMMON_BLOCKS = YES;
				GCC_WARN_64_TO_32_BIT_CONVERSION = YES;
				GCC_WARN_ABOUT_RETURN_TYPE = YES_ERROR;
				GCC_WARN_UNDECLARED_SELECTOR = YES;
				GCC_WARN_UNINITIALIZED_AUTOS = YES_AGGRESSIVE;
				GCC_WARN_UNUSED_FUNCTION = YES;
				GCC_WARN_UNUSED_VARIABLE = YES;
				IPHONEOS_DEPLOYMENT_TARGET = 13.0;
				MTL_ENABLE_DEBUG_INFO = NO;
				MTL_FAST_MATH = YES;
				SDKROOT = iphoneos;
				SWIFT_COMPILATION_MODE = wholemodule;
				SWIFT_OPTIMIZATION_LEVEL = "-O";
				VALIDATE_PRODUCT = YES;
			};
			name = Release;
		};
		D44C52C827B9B9E0009939C3 /* Debug */ = {
			isa = XCBuildConfiguration;
			baseConfigurationReference = 131DB6455067C0A18B184B63 /* Pods-MyTasks.debug.xcconfig */;
			buildSettings = {
				ASSETCATALOG_COMPILER_GLOBAL_ACCENT_COLOR_NAME = AccentColor;
				ASSETCATALOG_COMPILER_INCLUDE_ALL_APPICON_ASSETS = NO;
				CODE_SIGN_STYLE = Automatic;
				CURRENT_PROJECT_VERSION = 1;
				DEVELOPMENT_TEAM = 955DP87LHM;
				GENERATE_INFOPLIST_FILE = YES;
				INFOPLIST_FILE = MyTasks/Core/System/Info.plist;
				INFOPLIST_KEY_UIApplicationSupportsIndirectInputEvents = YES;
				INFOPLIST_KEY_UILaunchStoryboardName = LaunchScreen;
				INFOPLIST_KEY_UISupportedInterfaceOrientations_iPad = "UIInterfaceOrientationPortrait UIInterfaceOrientationPortraitUpsideDown UIInterfaceOrientationLandscapeLeft UIInterfaceOrientationLandscapeRight";
				INFOPLIST_KEY_UISupportedInterfaceOrientations_iPhone = "UIInterfaceOrientationPortrait UIInterfaceOrientationLandscapeLeft UIInterfaceOrientationLandscapeRight";
				LD_RUNPATH_SEARCH_PATHS = (
					"$(inherited)",
					"@executable_path/Frameworks",
				);
				MARKETING_VERSION = 1.0;
				PRODUCT_BUNDLE_IDENTIFIER = none.MyTasks;
				PRODUCT_NAME = "$(TARGET_NAME)";
				SWIFT_EMIT_LOC_STRINGS = YES;
				SWIFT_VERSION = 5.0;
				TARGETED_DEVICE_FAMILY = "1,2";
			};
			name = Debug;
		};
		D44C52C927B9B9E0009939C3 /* Release */ = {
			isa = XCBuildConfiguration;
			baseConfigurationReference = DCB39C8716037B7698A93339 /* Pods-MyTasks.release.xcconfig */;
			buildSettings = {
				ASSETCATALOG_COMPILER_GLOBAL_ACCENT_COLOR_NAME = AccentColor;
				ASSETCATALOG_COMPILER_INCLUDE_ALL_APPICON_ASSETS = NO;
				CODE_SIGN_STYLE = Automatic;
				CURRENT_PROJECT_VERSION = 1;
				DEVELOPMENT_TEAM = 955DP87LHM;
				GENERATE_INFOPLIST_FILE = YES;
				INFOPLIST_FILE = MyTasks/Core/System/Info.plist;
				INFOPLIST_KEY_UIApplicationSupportsIndirectInputEvents = YES;
				INFOPLIST_KEY_UILaunchStoryboardName = LaunchScreen;
				INFOPLIST_KEY_UISupportedInterfaceOrientations_iPad = "UIInterfaceOrientationPortrait UIInterfaceOrientationPortraitUpsideDown UIInterfaceOrientationLandscapeLeft UIInterfaceOrientationLandscapeRight";
				INFOPLIST_KEY_UISupportedInterfaceOrientations_iPhone = "UIInterfaceOrientationPortrait UIInterfaceOrientationLandscapeLeft UIInterfaceOrientationLandscapeRight";
				LD_RUNPATH_SEARCH_PATHS = (
					"$(inherited)",
					"@executable_path/Frameworks",
				);
				MARKETING_VERSION = 1.0;
				PRODUCT_BUNDLE_IDENTIFIER = none.MyTasks;
				PRODUCT_NAME = "$(TARGET_NAME)";
				SWIFT_EMIT_LOC_STRINGS = YES;
				SWIFT_VERSION = 5.0;
				TARGETED_DEVICE_FAMILY = "1,2";
			};
			name = Release;
		};
/* End XCBuildConfiguration section */

/* Begin XCConfigurationList section */
		D44C52AE27B9B9DF009939C3 /* Build configuration list for PBXProject "MyTasks" */ = {
			isa = XCConfigurationList;
			buildConfigurations = (
				D44C52C527B9B9E0009939C3 /* Debug */,
				D44C52C627B9B9E0009939C3 /* Release */,
			);
			defaultConfigurationIsVisible = 0;
			defaultConfigurationName = Release;
		};
		D44C52C727B9B9E0009939C3 /* Build configuration list for PBXNativeTarget "MyTasks" */ = {
			isa = XCConfigurationList;
			buildConfigurations = (
				D44C52C827B9B9E0009939C3 /* Debug */,
				D44C52C927B9B9E0009939C3 /* Release */,
			);
			defaultConfigurationIsVisible = 0;
			defaultConfigurationName = Release;
		};
/* End XCConfigurationList section */
	};
	rootObject = D44C52AB27B9B9DF009939C3 /* Project object */;
}
